
Microsoft Visual Studio Solution File, Format Version 12.00
# Visual Studio Version 16
VisualStudioVersion = 16.0.32002.261
MinimumVisualStudioVersion = 10.0.40219.1
Project("{9A19103F-16F7-4668-BE54-9A1E7A4F7556}") = "PruebaMemoMulti", "PruebaMemoMulti\PruebaMemoMulti.csproj", "{63860D41-7877-4BD0-BCA5-0A974BD3B2D6}"
EndProject
Project("{FAE04EC0-301F-11D3-BF4B-00C04F79EFBC}") = "Common", "Common\Common.csproj", "{98FBC361-E37F-4809-9AF9-935C7BF051B4}"
EndProject
Global
	GlobalSection(SolutionConfigurationPlatforms) = preSolution
		Debug|Any CPU = Debug|Any CPU
		Release|Any CPU = Release|Any CPU
	EndGlobalSection
	GlobalSection(ProjectConfigurationPlatforms) = postSolution
		{63860D41-7877-4BD0-BCA5-0A974BD3B2D6}.Debug|Any CPU.ActiveCfg = Debug|Any CPU
		{63860D41-7877-4BD0-BCA5-0A974BD3B2D6}.Debug|Any CPU.Build.0 = Debug|Any CPU
		{63860D41-7877-4BD0-BCA5-0A974BD3B2D6}.Release|Any CPU.ActiveCfg = Release|Any CPU
		{63860D41-7877-4BD0-BCA5-0A974BD3B2D6}.Release|Any CPU.Build.0 = Release|Any CPU
		{98FBC361-E37F-4809-9AF9-935C7BF051B4}.Debug|Any CPU.ActiveCfg = Debug|Any CPU
		{98FBC361-E37F-4809-9AF9-935C7BF051B4}.Debug|Any CPU.Build.0 = Debug|Any CPU
		{98FBC361-E37F-4809-9AF9-935C7BF051B4}.Release|Any CPU.ActiveCfg = Release|Any CPU
		{98FBC361-E37F-4809-9AF9-935C7BF051B4}.Release|Any CPU.Build.0 = Release|Any CPU
	EndGlobalSection
	GlobalSection(SolutionProperties) = preSolution
		HideSolutionNode = FALSE
	EndGlobalSection
	GlobalSection(ExtensibilityGlobals) = postSolution
		SolutionGuid = {2ECDF801-CE2D-4CB0-B3AA-7C404C50ADC8}
	EndGlobalSection
EndGlobal
